
Microsoft Visual Studio Solution File, Format Version 12.00
# Visual Studio Version 17
VisualStudioVersion = 17.1.32421.90
MinimumVisualStudioVersion = 10.0.40219.1
Project("{9A19103F-16F7-4668-BE54-9A1E7A4F7556}") = "CarritoDeCompras", "CarritoDeCompras.csproj", "{1839F1C2-56AC-4D2D-82F4-1823B5DD0650}"
EndProject
Global
	GlobalSection(SolutionConfigurationPlatforms) = preSolution
		Debug|Any CPU = Debug|Any CPU
		Release|Any CPU = Release|Any CPU
	EndGlobalSection
	GlobalSection(ProjectConfigurationPlatforms) = postSolution
		{1839F1C2-56AC-4D2D-82F4-1823B5DD0650}.Debug|Any CPU.ActiveCfg = Debug|Any CPU
		{1839F1C2-56AC-4D2D-82F4-1823B5DD0650}.Debug|Any CPU.Build.0 = Debug|Any CPU
		{1839F1C2-56AC-4D2D-82F4-1823B5DD0650}.Release|Any CPU.ActiveCfg = Release|Any CPU
		{1839F1C2-56AC-4D2D-82F4-1823B5DD0650}.Release|Any CPU.Build.0 = Release|Any CPU
	EndGlobalSection
	GlobalSection(SolutionProperties) = preSolution
		HideSolutionNode = FALSE
	EndGlobalSection
	GlobalSection(ExtensibilityGlobals) = postSolution
		SolutionGuid = {8BA4C875-4754-4B2D-B92D-DA5BEB631026}
	EndGlobalSection
EndGlobal
